
Microsoft Visual Studio Solution File, Format Version 12.00
# Visual Studio 15
VisualStudioVersion = 15.0.28010.2003
MinimumVisualStudioVersion = 10.0.40219.1
Project("{FAE04EC0-301F-11D3-BF4B-00C04F79EFBC}") = "TreehouseDefense", "TreehouseDefense\TreehouseDefense.csproj", "{54051503-0CF7-4354-BC9E-CD09EF5B667F}"
EndProject
Global
	GlobalSection(SolutionConfigurationPlatforms) = preSolution
		Debug|Any CPU = Debug|Any CPU
		Release|Any CPU = Release|Any CPU
	EndGlobalSection
	GlobalSection(ProjectConfigurationPlatforms) = postSolution
		{54051503-0CF7-4354-BC9E-CD09EF5B667F}.Debug|Any CPU.ActiveCfg = Debug|Any CPU
		{54051503-0CF7-4354-BC9E-CD09EF5B667F}.Debug|Any CPU.Build.0 = Debug|Any CPU
		{54051503-0CF7-4354-BC9E-CD09EF5B667F}.Release|Any CPU.ActiveCfg = Release|Any CPU
		{54051503-0CF7-4354-BC9E-CD09EF5B667F}.Release|Any CPU.Build.0 = Release|Any CPU
	EndGlobalSection
	GlobalSection(SolutionProperties) = preSolution
		HideSolutionNode = FALSE
	EndGlobalSection
	GlobalSection(ExtensibilityGlobals) = postSolution
		SolutionGuid = {ADB4541F-A34F-407B-A327-11272A01D233}
	EndGlobalSection
EndGlobal
